
Microsoft Visual Studio Solution File, Format Version 12.00
# Visual Studio Version 16
VisualStudioVersion = 16.0.30503.244
MinimumVisualStudioVersion = 10.0.40219.1
Project("{8BC9CEB8-8B4A-11D0-8D11-00A0C91BC942}") = "libthirdparty", "..\..\..\CS\MuPDF\platform\win32\libthirdparty.vcxproj", "{5EDCF4FD-0291-4FB9-8D96-D58957CA5E3C}"
EndProject
Project("{8BC9CEB8-8B4A-11D0-8D11-00A0C91BC942}") = "fix-qpdf", "fix-qpdf.vcxproj", "{0DECEAD8-5A88-4A35-9E6B-52203836A887}"
EndProject
Project("{8BC9CEB8-8B4A-11D0-8D11-00A0C91BC942}") = "libqpdf", "libqpdf.vcxproj", "{E74FFFF0-FA43-4ADC-B92C-6AFA08E4A4AA}"
EndProject
Project("{8BC9CEB8-8B4A-11D0-8D11-00A0C91BC942}") = "pdf_from_scratch", "pdf_from_scratch.vcxproj", "{2B77E274-ED7F-4C5B-A763-C35E39DFE5A6}"
EndProject
Project("{8BC9CEB8-8B4A-11D0-8D11-00A0C91BC942}") = "qpdf", "qpdf.vcxproj", "{84E4CC46-896A-4A20-B5BE-B55851A17A14}"
EndProject
Project("{8BC9CEB8-8B4A-11D0-8D11-00A0C91BC942}") = "test_driver", "test_driver.vcxproj", "{3F9617B5-EAEF-46DF-9D23-0C8792275EF0}"
EndProject
Project("{8BC9CEB8-8B4A-11D0-8D11-00A0C91BC942}") = "test_large_file", "test_large_file.vcxproj", "{A4E85878-6163-4C62-8392-11149480F09A}"
EndProject
Project("{8BC9CEB8-8B4A-11D0-8D11-00A0C91BC942}") = "test_parsedoffset", "test_parsedoffset.vcxproj", "{8E799524-874D-46D6-BE9A-12FE07B301BB}"
EndProject
Project("{8BC9CEB8-8B4A-11D0-8D11-00A0C91BC942}") = "test_pdf_doc_encoding", "test_pdf_doc_encoding.vcxproj", "{9CD995C3-970B-4EDC-A35F-3C59F72F82F5}"
EndProject
Project("{8BC9CEB8-8B4A-11D0-8D11-00A0C91BC942}") = "test_pdf_unicode", "test_pdf_unicode.vcxproj", "{2496818A-4780-4DDA-92F5-DED4BFF1CC2C}"
EndProject
Project("{8BC9CEB8-8B4A-11D0-8D11-00A0C91BC942}") = "test_renumber", "test_renumber.vcxproj", "{27CA17CC-6256-460E-B640-4A493DC2E74B}"
EndProject
Project("{8BC9CEB8-8B4A-11D0-8D11-00A0C91BC942}") = "test_tokenizer", "test_tokenizer.vcxproj", "{9038C53E-AAA2-4525-97E0-60DD54E7B1AD}"
EndProject
Project("{8BC9CEB8-8B4A-11D0-8D11-00A0C91BC942}") = "test_unicode_filenames", "test_unicode_filenames.vcxproj", "{14F02D76-BFAD-4538-AB00-EB4D11502B86}"
EndProject
Project("{8BC9CEB8-8B4A-11D0-8D11-00A0C91BC942}") = "test_xref", "test_xref.vcxproj", "{766B72D9-0C00-4CCF-987F-ADBD3568BE9E}"
EndProject
Project("{8BC9CEB8-8B4A-11D0-8D11-00A0C91BC942}") = "zlib_flate", "zlib_flate.vcxproj", "{987620B7-C480-4F08-9EF7-42966E6A63EF}"
EndProject
Project("{8BC9CEB8-8B4A-11D0-8D11-00A0C91BC942}") = "qpdf-ctest", "qpdf-ctest.vcxproj", "{94899F47-9BE3-4EC1-9FDA-B6871B3A1156}"
EndProject
Project("{8BC9CEB8-8B4A-11D0-8D11-00A0C91BC942}") = "libjpegmem", "libjpegmem.vcxproj", "{B00C51EC-7445-4904-9DA9-B21DAF541780}"
EndProject
Global
	GlobalSection(SolutionConfigurationPlatforms) = preSolution
		Debug|x64 = Debug|x64
		Debug|x86 = Debug|x86
		DebugJava|x64 = DebugJava|x64
		DebugJava|x86 = DebugJava|x86
		Memento|x64 = Memento|x64
		Memento|x86 = Memento|x86
		Release|x64 = Release|x64
		Release|x86 = Release|x86
		ReleaseJava|x64 = ReleaseJava|x64
		ReleaseJava|x86 = ReleaseJava|x86
	EndGlobalSection
	GlobalSection(ProjectConfigurationPlatforms) = postSolution
		{5EDCF4FD-0291-4FB9-8D96-D58957CA5E3C}.Debug|x64.ActiveCfg = Debug|x64
		{5EDCF4FD-0291-4FB9-8D96-D58957CA5E3C}.Debug|x64.Build.0 = Debug|x64
		{5EDCF4FD-0291-4FB9-8D96-D58957CA5E3C}.Debug|x86.ActiveCfg = Debug|Win32
		{5EDCF4FD-0291-4FB9-8D96-D58957CA5E3C}.Debug|x86.Build.0 = Debug|Win32
		{5EDCF4FD-0291-4FB9-8D96-D58957CA5E3C}.DebugJava|x64.ActiveCfg = DebugJava|x64
		{5EDCF4FD-0291-4FB9-8D96-D58957CA5E3C}.DebugJava|x64.Build.0 = DebugJava|x64
		{5EDCF4FD-0291-4FB9-8D96-D58957CA5E3C}.DebugJava|x86.ActiveCfg = DebugJava|Win32
		{5EDCF4FD-0291-4FB9-8D96-D58957CA5E3C}.DebugJava|x86.Build.0 = DebugJava|Win32
		{5EDCF4FD-0291-4FB9-8D96-D58957CA5E3C}.Memento|x64.ActiveCfg = Memento|x64
		{5EDCF4FD-0291-4FB9-8D96-D58957CA5E3C}.Memento|x64.Build.0 = Memento|x64
		{5EDCF4FD-0291-4FB9-8D96-D58957CA5E3C}.Memento|x86.ActiveCfg = Memento|Win32
		{5EDCF4FD-0291-4FB9-8D96-D58957CA5E3C}.Memento|x86.Build.0 = Memento|Win32
		{5EDCF4FD-0291-4FB9-8D96-D58957CA5E3C}.Release|x64.ActiveCfg = Release|x64
		{5EDCF4FD-0291-4FB9-8D96-D58957CA5E3C}.Release|x64.Build.0 = Release|x64
		{5EDCF4FD-0291-4FB9-8D96-D58957CA5E3C}.Release|x86.ActiveCfg = Release|Win32
		{5EDCF4FD-0291-4FB9-8D96-D58957CA5E3C}.Release|x86.Build.0 = Release|Win32
		{5EDCF4FD-0291-4FB9-8D96-D58957CA5E3C}.ReleaseJava|x64.ActiveCfg = ReleaseJava|x64
		{5EDCF4FD-0291-4FB9-8D96-D58957CA5E3C}.ReleaseJava|x64.Build.0 = ReleaseJava|x64
		{5EDCF4FD-0291-4FB9-8D96-D58957CA5E3C}.ReleaseJava|x86.ActiveCfg = ReleaseJava|Win32
		{5EDCF4FD-0291-4FB9-8D96-D58957CA5E3C}.ReleaseJava|x86.Build.0 = ReleaseJava|Win32
		{0DECEAD8-5A88-4A35-9E6B-52203836A887}.Debug|x64.ActiveCfg = Debug|x64
		{0DECEAD8-5A88-4A35-9E6B-52203836A887}.Debug|x64.Build.0 = Debug|x64
		{0DECEAD8-5A88-4A35-9E6B-52203836A887}.Debug|x86.ActiveCfg = Debug|Win32
		{0DECEAD8-5A88-4A35-9E6B-52203836A887}.Debug|x86.Build.0 = Debug|Win32
		{0DECEAD8-5A88-4A35-9E6B-52203836A887}.DebugJava|x64.ActiveCfg = Debug|x64
		{0DECEAD8-5A88-4A35-9E6B-52203836A887}.DebugJava|x64.Build.0 = Debug|x64
		{0DECEAD8-5A88-4A35-9E6B-52203836A887}.DebugJava|x86.ActiveCfg = Debug|Win32
		{0DECEAD8-5A88-4A35-9E6B-52203836A887}.DebugJava|x86.Build.0 = Debug|Win32
		{0DECEAD8-5A88-4A35-9E6B-52203836A887}.Memento|x64.ActiveCfg = Debug|x64
		{0DECEAD8-5A88-4A35-9E6B-52203836A887}.Memento|x64.Build.0 = Debug|x64
		{0DECEAD8-5A88-4A35-9E6B-52203836A887}.Memento|x86.ActiveCfg = Debug|Win32
		{0DECEAD8-5A88-4A35-9E6B-52203836A887}.Memento|x86.Build.0 = Debug|Win32
		{0DECEAD8-5A88-4A35-9E6B-52203836A887}.Release|x64.ActiveCfg = Release|x64
		{0DECEAD8-5A88-4A35-9E6B-52203836A887}.Release|x64.Build.0 = Release|x64
		{0DECEAD8-5A88-4A35-9E6B-52203836A887}.Release|x86.ActiveCfg = Release|Win32
		{0DECEAD8-5A88-4A35-9E6B-52203836A887}.Release|x86.Build.0 = Release|Win32
		{0DECEAD8-5A88-4A35-9E6B-52203836A887}.ReleaseJava|x64.ActiveCfg = Release|x64
		{0DECEAD8-5A88-4A35-9E6B-52203836A887}.ReleaseJava|x64.Build.0 = Release|x64
		{0DECEAD8-5A88-4A35-9E6B-52203836A887}.ReleaseJava|x86.ActiveCfg = Release|Win32
		{0DECEAD8-5A88-4A35-9E6B-52203836A887}.ReleaseJava|x86.Build.0 = Release|Win32
		{E74FFFF0-FA43-4ADC-B92C-6AFA08E4A4AA}.Debug|x64.ActiveCfg = Debug|x64
		{E74FFFF0-FA43-4ADC-B92C-6AFA08E4A4AA}.Debug|x64.Build.0 = Debug|x64
		{E74FFFF0-FA43-4ADC-B92C-6AFA08E4A4AA}.Debug|x86.ActiveCfg = Debug|Win32
		{E74FFFF0-FA43-4ADC-B92C-6AFA08E4A4AA}.Debug|x86.Build.0 = Debug|Win32
		{E74FFFF0-FA43-4ADC-B92C-6AFA08E4A4AA}.DebugJava|x64.ActiveCfg = Debug|x64
		{E74FFFF0-FA43-4ADC-B92C-6AFA08E4A4AA}.DebugJava|x64.Build.0 = Debug|x64
		{E74FFFF0-FA43-4ADC-B92C-6AFA08E4A4AA}.DebugJava|x86.ActiveCfg = Debug|Win32
		{E74FFFF0-FA43-4ADC-B92C-6AFA08E4A4AA}.DebugJava|x86.Build.0 = Debug|Win32
		{E74FFFF0-FA43-4ADC-B92C-6AFA08E4A4AA}.Memento|x64.ActiveCfg = Debug|x64
		{E74FFFF0-FA43-4ADC-B92C-6AFA08E4A4AA}.Memento|x64.Build.0 = Debug|x64
		{E74FFFF0-FA43-4ADC-B92C-6AFA08E4A4AA}.Memento|x86.ActiveCfg = Debug|Win32
		{E74FFFF0-FA43-4ADC-B92C-6AFA08E4A4AA}.Memento|x86.Build.0 = Debug|Win32
		{E74FFFF0-FA43-4ADC-B92C-6AFA08E4A4AA}.Release|x64.ActiveCfg = Release|x64
		{E74FFFF0-FA43-4ADC-B92C-6AFA08E4A4AA}.Release|x64.Build.0 = Release|x64
		{E74FFFF0-FA43-4ADC-B92C-6AFA08E4A4AA}.Release|x86.ActiveCfg = Release|Win32
		{E74FFFF0-FA43-4ADC-B92C-6AFA08E4A4AA}.Release|x86.Build.0 = Release|Win32
		{E74FFFF0-FA43-4ADC-B92C-6AFA08E4A4AA}.ReleaseJava|x64.ActiveCfg = Release|x64
		{E74FFFF0-FA43-4ADC-B92C-6AFA08E4A4AA}.ReleaseJava|x64.Build.0 = Release|x64
		{E74FFFF0-FA43-4ADC-B92C-6AFA08E4A4AA}.ReleaseJava|x86.ActiveCfg = Release|Win32
		{E74FFFF0-FA43-4ADC-B92C-6AFA08E4A4AA}.ReleaseJava|x86.Build.0 = Release|Win32
		{2B77E274-ED7F-4C5B-A763-C35E39DFE5A6}.Debug|x64.ActiveCfg = Debug|x64
		{2B77E274-ED7F-4C5B-A763-C35E39DFE5A6}.Debug|x64.Build.0 = Debug|x64
		{2B77E274-ED7F-4C5B-A763-C35E39DFE5A6}.Debug|x86.ActiveCfg = Debug|Win32
		{2B77E274-ED7F-4C5B-A763-C35E39DFE5A6}.Debug|x86.Build.0 = Debug|Win32
		{2B77E274-ED7F-4C5B-A763-C35E39DFE5A6}.DebugJava|x64.ActiveCfg = Debug|x64
		{2B77E274-ED7F-4C5B-A763-C35E39DFE5A6}.DebugJava|x64.Build.0 = Debug|x64
		{2B77E274-ED7F-4C5B-A763-C35E39DFE5A6}.DebugJava|x86.ActiveCfg = Debug|Win32
		{2B77E274-ED7F-4C5B-A763-C35E39DFE5A6}.DebugJava|x86.Build.0 = Debug|Win32
		{2B77E274-ED7F-4C5B-A763-C35E39DFE5A6}.Memento|x64.ActiveCfg = Debug|x64
		{2B77E274-ED7F-4C5B-A763-C35E39DFE5A6}.Memento|x64.Build.0 = Debug|x64
		{2B77E274-ED7F-4C5B-A763-C35E39DFE5A6}.Memento|x86.ActiveCfg = Debug|Win32
		{2B77E274-ED7F-4C5B-A763-C35E39DFE5A6}.Memento|x86.Build.0 = Debug|Win32
		{2B77E274-ED7F-4C5B-A763-C35E39DFE5A6}.Release|x64.ActiveCfg = Release|x64
		{2B77E274-ED7F-4C5B-A763-C35E39DFE5A6}.Release|x64.Build.0 = Release|x64
		{2B77E274-ED7F-4C5B-A763-C35E39DFE5A6}.Release|x86.ActiveCfg = Release|Win32
		{2B77E274-ED7F-4C5B-A763-C35E39DFE5A6}.Release|x86.Build.0 = Release|Win32
		{2B77E274-ED7F-4C5B-A763-C35E39DFE5A6}.ReleaseJava|x64.ActiveCfg = Release|x64
		{2B77E274-ED7F-4C5B-A763-C35E39DFE5A6}.ReleaseJava|x64.Build.0 = Release|x64
		{2B77E274-ED7F-4C5B-A763-C35E39DFE5A6}.ReleaseJava|x86.ActiveCfg = Release|Win32
		{2B77E274-ED7F-4C5B-A763-C35E39DFE5A6}.ReleaseJava|x86.Build.0 = Release|Win32
		{84E4CC46-896A-4A20-B5BE-B55851A17A14}.Debug|x64.ActiveCfg = Debug|x64
		{84E4CC46-896A-4A20-B5BE-B55851A17A14}.Debug|x64.Build.0 = Debug|x64
		{84E4CC46-896A-4A20-B5BE-B55851A17A14}.Debug|x86.ActiveCfg = Debug|Win32
		{84E4CC46-896A-4A20-B5BE-B55851A17A14}.Debug|x86.Build.0 = Debug|Win32
		{84E4CC46-896A-4A20-B5BE-B55851A17A14}.DebugJava|x64.ActiveCfg = Debug|x64
		{84E4CC46-896A-4A20-B5BE-B55851A17A14}.DebugJava|x64.Build.0 = Debug|x64
		{84E4CC46-896A-4A20-B5BE-B55851A17A14}.DebugJava|x86.ActiveCfg = Debug|Win32
		{84E4CC46-896A-4A20-B5BE-B55851A17A14}.DebugJava|x86.Build.0 = Debug|Win32
		{84E4CC46-896A-4A20-B5BE-B55851A17A14}.Memento|x64.ActiveCfg = Debug|x64
		{84E4CC46-896A-4A20-B5BE-B55851A17A14}.Memento|x64.Build.0 = Debug|x64
		{84E4CC46-896A-4A20-B5BE-B55851A17A14}.Memento|x86.ActiveCfg = Debug|Win32
		{84E4CC46-896A-4A20-B5BE-B55851A17A14}.Memento|x86.Build.0 = Debug|Win32
		{84E4CC46-896A-4A20-B5BE-B55851A17A14}.Release|x64.ActiveCfg = Release|x64
		{84E4CC46-896A-4A20-B5BE-B55851A17A14}.Release|x64.Build.0 = Release|x64
		{84E4CC46-896A-4A20-B5BE-B55851A17A14}.Release|x86.ActiveCfg = Release|Win32
		{84E4CC46-896A-4A20-B5BE-B55851A17A14}.Release|x86.Build.0 = Release|Win32
		{84E4CC46-896A-4A20-B5BE-B55851A17A14}.ReleaseJava|x64.ActiveCfg = Release|x64
		{84E4CC46-896A-4A20-B5BE-B55851A17A14}.ReleaseJava|x64.Build.0 = Release|x64
		{84E4CC46-896A-4A20-B5BE-B55851A17A14}.ReleaseJava|x86.ActiveCfg = Release|Win32
		{84E4CC46-896A-4A20-B5BE-B55851A17A14}.ReleaseJava|x86.Build.0 = Release|Win32
		{3F9617B5-EAEF-46DF-9D23-0C8792275EF0}.Debug|x64.ActiveCfg = Debug|x64
		{3F9617B5-EAEF-46DF-9D23-0C8792275EF0}.Debug|x64.Build.0 = Debug|x64
		{3F9617B5-EAEF-46DF-9D23-0C8792275EF0}.Debug|x86.ActiveCfg = Debug|Win32
		{3F9617B5-EAEF-46DF-9D23-0C8792275EF0}.Debug|x86.Build.0 = Debug|Win32
		{3F9617B5-EAEF-46DF-9D23-0C8792275EF0}.DebugJava|x64.ActiveCfg = Debug|x64
		{3F9617B5-EAEF-46DF-9D23-0C8792275EF0}.DebugJava|x64.Build.0 = Debug|x64
		{3F9617B5-EAEF-46DF-9D23-0C8792275EF0}.DebugJava|x86.ActiveCfg = Debug|Win32
		{3F9617B5-EAEF-46DF-9D23-0C8792275EF0}.DebugJava|x86.Build.0 = Debug|Win32
		{3F9617B5-EAEF-46DF-9D23-0C8792275EF0}.Memento|x64.ActiveCfg = Debug|x64
		{3F9617B5-EAEF-46DF-9D23-0C8792275EF0}.Memento|x64.Build.0 = Debug|x64
		{3F9617B5-EAEF-46DF-9D23-0C8792275EF0}.Memento|x86.ActiveCfg = Debug|Win32
		{3F9617B5-EAEF-46DF-9D23-0C8792275EF0}.Memento|x86.Build.0 = Debug|Win32
		{3F9617B5-EAEF-46DF-9D23-0C8792275EF0}.Release|x64.ActiveCfg = Release|x64
		{3F9617B5-EAEF-46DF-9D23-0C8792275EF0}.Release|x64.Build.0 = Release|x64
		{3F9617B5-EAEF-46DF-9D23-0C8792275EF0}.Release|x86.ActiveCfg = Release|Win32
		{3F9617B5-EAEF-46DF-9D23-0C8792275EF0}.Release|x86.Build.0 = Release|Win32
		{3F9617B5-EAEF-46DF-9D23-0C8792275EF0}.ReleaseJava|x64.ActiveCfg = Release|x64
		{3F9617B5-EAEF-46DF-9D23-0C8792275EF0}.ReleaseJava|x64.Build.0 = Release|x64
		{3F9617B5-EAEF-46DF-9D23-0C8792275EF0}.ReleaseJava|x86.ActiveCfg = Release|Win32
		{3F9617B5-EAEF-46DF-9D23-0C8792275EF0}.ReleaseJava|x86.Build.0 = Release|Win32
		{A4E85878-6163-4C62-8392-11149480F09A}.Debug|x64.ActiveCfg = Debug|x64
		{A4E85878-6163-4C62-8392-11149480F09A}.Debug|x64.Build.0 = Debug|x64
		{A4E85878-6163-4C62-8392-11149480F09A}.Debug|x86.ActiveCfg = Debug|Win32
		{A4E85878-6163-4C62-8392-11149480F09A}.Debug|x86.Build.0 = Debug|Win32
		{A4E85878-6163-4C62-8392-11149480F09A}.DebugJava|x64.ActiveCfg = Debug|x64
		{A4E85878-6163-4C62-8392-11149480F09A}.DebugJava|x64.Build.0 = Debug|x64
		{A4E85878-6163-4C62-8392-11149480F09A}.DebugJava|x86.ActiveCfg = Debug|Win32
		{A4E85878-6163-4C62-8392-11149480F09A}.DebugJava|x86.Build.0 = Debug|Win32
		{A4E85878-6163-4C62-8392-11149480F09A}.Memento|x64.ActiveCfg = Debug|x64
		{A4E85878-6163-4C62-8392-11149480F09A}.Memento|x64.Build.0 = Debug|x64
		{A4E85878-6163-4C62-8392-11149480F09A}.Memento|x86.ActiveCfg = Debug|Win32
		{A4E85878-6163-4C62-8392-11149480F09A}.Memento|x86.Build.0 = Debug|Win32
		{A4E85878-6163-4C62-8392-11149480F09A}.Release|x64.ActiveCfg = Release|x64
		{A4E85878-6163-4C62-8392-11149480F09A}.Release|x64.Build.0 = Release|x64
		{A4E85878-6163-4C62-8392-11149480F09A}.Release|x86.ActiveCfg = Release|Win32
		{A4E85878-6163-4C62-8392-11149480F09A}.Release|x86.Build.0 = Release|Win32
		{A4E85878-6163-4C62-8392-11149480F09A}.ReleaseJava|x64.ActiveCfg = Release|x64
		{A4E85878-6163-4C62-8392-11149480F09A}.ReleaseJava|x64.Build.0 = Release|x64
		{A4E85878-6163-4C62-8392-11149480F09A}.ReleaseJava|x86.ActiveCfg = Release|Win32
		{A4E85878-6163-4C62-8392-11149480F09A}.ReleaseJava|x86.Build.0 = Release|Win32
		{8E799524-874D-46D6-BE9A-12FE07B301BB}.Debug|x64.ActiveCfg = Debug|x64
		{8E799524-874D-46D6-BE9A-12FE07B301BB}.Debug|x64.Build.0 = Debug|x64
		{8E799524-874D-46D6-BE9A-12FE07B301BB}.Debug|x86.ActiveCfg = Debug|Win32
		{8E799524-874D-46D6-BE9A-12FE07B301BB}.Debug|x86.Build.0 = Debug|Win32
		{8E799524-874D-46D6-BE9A-12FE07B301BB}.DebugJava|x64.ActiveCfg = Debug|x64
		{8E799524-874D-46D6-BE9A-12FE07B301BB}.DebugJava|x64.Build.0 = Debug|x64
		{8E799524-874D-46D6-BE9A-12FE07B301BB}.DebugJava|x86.ActiveCfg = Debug|Win32
		{8E799524-874D-46D6-BE9A-12FE07B301BB}.DebugJava|x86.Build.0 = Debug|Win32
		{8E799524-874D-46D6-BE9A-12FE07B301BB}.Memento|x64.ActiveCfg = Debug|x64
		{8E799524-874D-46D6-BE9A-12FE07B301BB}.Memento|x64.Build.0 = Debug|x64
		{8E799524-874D-46D6-BE9A-12FE07B301BB}.Memento|x86.ActiveCfg = Debug|Win32
		{8E799524-874D-46D6-BE9A-12FE07B301BB}.Memento|x86.Build.0 = Debug|Win32
		{8E799524-874D-46D6-BE9A-12FE07B301BB}.Release|x64.ActiveCfg = Release|x64
		{8E799524-874D-46D6-BE9A-12FE07B301BB}.Release|x64.Build.0 = Release|x64
		{8E799524-874D-46D6-BE9A-12FE07B301BB}.Release|x86.ActiveCfg = Release|Win32
		{8E799524-874D-46D6-BE9A-12FE07B301BB}.Release|x86.Build.0 = Release|Win32
		{8E799524-874D-46D6-BE9A-12FE07B301BB}.ReleaseJava|x64.ActiveCfg = Release|x64
		{8E799524-874D-46D6-BE9A-12FE07B301BB}.ReleaseJava|x64.Build.0 = Release|x64
		{8E799524-874D-46D6-BE9A-12FE07B301BB}.ReleaseJava|x86.ActiveCfg = Release|Win32
		{8E799524-874D-46D6-BE9A-12FE07B301BB}.ReleaseJava|x86.Build.0 = Release|Win32
		{9CD995C3-970B-4EDC-A35F-3C59F72F82F5}.Debug|x64.ActiveCfg = Debug|x64
		{9CD995C3-970B-4EDC-A35F-3C59F72F82F5}.Debug|x64.Build.0 = Debug|x64
		{9CD995C3-970B-4EDC-A35F-3C59F72F82F5}.Debug|x86.ActiveCfg = Debug|Win32
		{9CD995C3-970B-4EDC-A35F-3C59F72F82F5}.Debug|x86.Build.0 = Debug|Win32
		{9CD995C3-970B-4EDC-A35F-3C59F72F82F5}.DebugJava|x64.ActiveCfg = Debug|x64
		{9CD995C3-970B-4EDC-A35F-3C59F72F82F5}.DebugJava|x64.Build.0 = Debug|x64
		{9CD995C3-970B-4EDC-A35F-3C59F72F82F5}.DebugJava|x86.ActiveCfg = Debug|Win32
		{9CD995C3-970B-4EDC-A35F-3C59F72F82F5}.DebugJava|x86.Build.0 = Debug|Win32
		{9CD995C3-970B-4EDC-A35F-3C59F72F82F5}.Memento|x64.ActiveCfg = Debug|x64
		{9CD995C3-970B-4EDC-A35F-3C59F72F82F5}.Memento|x64.Build.0 = Debug|x64
		{9CD995C3-970B-4EDC-A35F-3C59F72F82F5}.Memento|x86.ActiveCfg = Debug|Win32
		{9CD995C3-970B-4EDC-A35F-3C59F72F82F5}.Memento|x86.Build.0 = Debug|Win32
		{9CD995C3-970B-4EDC-A35F-3C59F72F82F5}.Release|x64.ActiveCfg = Release|x64
		{9CD995C3-970B-4EDC-A35F-3C59F72F82F5}.Release|x64.Build.0 = Release|x64
		{9CD995C3-970B-4EDC-A35F-3C59F72F82F5}.Release|x86.ActiveCfg = Release|Win32
		{9CD995C3-970B-4EDC-A35F-3C59F72F82F5}.Release|x86.Build.0 = Release|Win32
		{9CD995C3-970B-4EDC-A35F-3C59F72F82F5}.ReleaseJava|x64.ActiveCfg = Release|x64
		{9CD995C3-970B-4EDC-A35F-3C59F72F82F5}.ReleaseJava|x64.Build.0 = Release|x64
		{9CD995C3-970B-4EDC-A35F-3C59F72F82F5}.ReleaseJava|x86.ActiveCfg = Release|Win32
		{9CD995C3-970B-4EDC-A35F-3C59F72F82F5}.ReleaseJava|x86.Build.0 = Release|Win32
		{2496818A-4780-4DDA-92F5-DED4BFF1CC2C}.Debug|x64.ActiveCfg = Debug|x64
		{2496818A-4780-4DDA-92F5-DED4BFF1CC2C}.Debug|x64.Build.0 = Debug|x64
		{2496818A-4780-4DDA-92F5-DED4BFF1CC2C}.Debug|x86.ActiveCfg = Debug|Win32
		{2496818A-4780-4DDA-92F5-DED4BFF1CC2C}.Debug|x86.Build.0 = Debug|Win32
		{2496818A-4780-4DDA-92F5-DED4BFF1CC2C}.DebugJava|x64.ActiveCfg = Debug|x64
		{2496818A-4780-4DDA-92F5-DED4BFF1CC2C}.DebugJava|x64.Build.0 = Debug|x64
		{2496818A-4780-4DDA-92F5-DED4BFF1CC2C}.DebugJava|x86.ActiveCfg = Debug|Win32
		{2496818A-4780-4DDA-92F5-DED4BFF1CC2C}.DebugJava|x86.Build.0 = Debug|Win32
		{2496818A-4780-4DDA-92F5-DED4BFF1CC2C}.Memento|x64.ActiveCfg = Debug|x64
		{2496818A-4780-4DDA-92F5-DED4BFF1CC2C}.Memento|x64.Build.0 = Debug|x64
		{2496818A-4780-4DDA-92F5-DED4BFF1CC2C}.Memento|x86.ActiveCfg = Debug|Win32
		{2496818A-4780-4DDA-92F5-DED4BFF1CC2C}.Memento|x86.Build.0 = Debug|Win32
		{2496818A-4780-4DDA-92F5-DED4BFF1CC2C}.Release|x64.ActiveCfg = Release|x64
		{2496818A-4780-4DDA-92F5-DED4BFF1CC2C}.Release|x64.Build.0 = Release|x64
		{2496818A-4780-4DDA-92F5-DED4BFF1CC2C}.Release|x86.ActiveCfg = Release|Win32
		{2496818A-4780-4DDA-92F5-DED4BFF1CC2C}.Release|x86.Build.0 = Release|Win32
		{2496818A-4780-4DDA-92F5-DED4BFF1CC2C}.ReleaseJava|x64.ActiveCfg = Release|x64
		{2496818A-4780-4DDA-92F5-DED4BFF1CC2C}.ReleaseJava|x64.Build.0 = Release|x64
		{2496818A-4780-4DDA-92F5-DED4BFF1CC2C}.ReleaseJava|x86.ActiveCfg = Release|Win32
		{2496818A-4780-4DDA-92F5-DED4BFF1CC2C}.ReleaseJava|x86.Build.0 = Release|Win32
		{27CA17CC-6256-460E-B640-4A493DC2E74B}.Debug|x64.ActiveCfg = Debug|x64
		{27CA17CC-6256-460E-B640-4A493DC2E74B}.Debug|x64.Build.0 = Debug|x64
		{27CA17CC-6256-460E-B640-4A493DC2E74B}.Debug|x86.ActiveCfg = Debug|Win32
		{27CA17CC-6256-460E-B640-4A493DC2E74B}.Debug|x86.Build.0 = Debug|Win32
		{27CA17CC-6256-460E-B640-4A493DC2E74B}.DebugJava|x64.ActiveCfg = Debug|x64
		{27CA17CC-6256-460E-B640-4A493DC2E74B}.DebugJava|x64.Build.0 = Debug|x64
		{27CA17CC-6256-460E-B640-4A493DC2E74B}.DebugJava|x86.ActiveCfg = Debug|Win32
		{27CA17CC-6256-460E-B640-4A493DC2E74B}.DebugJava|x86.Build.0 = Debug|Win32
		{27CA17CC-6256-460E-B640-4A493DC2E74B}.Memento|x64.ActiveCfg = Debug|x64
		{27CA17CC-6256-460E-B640-4A493DC2E74B}.Memento|x64.Build.0 = Debug|x64
		{27CA17CC-6256-460E-B640-4A493DC2E74B}.Memento|x86.ActiveCfg = Debug|Win32
		{27CA17CC-6256-460E-B640-4A493DC2E74B}.Memento|x86.Build.0 = Debug|Win32
		{27CA17CC-6256-460E-B640-4A493DC2E74B}.Release|x64.ActiveCfg = Release|x64
		{27CA17CC-6256-460E-B640-4A493DC2E74B}.Release|x64.Build.0 = Release|x64
		{27CA17CC-6256-460E-B640-4A493DC2E74B}.Release|x86.ActiveCfg = Release|Win32
		{27CA17CC-6256-460E-B640-4A493DC2E74B}.Release|x86.Build.0 = Release|Win32
		{27CA17CC-6256-460E-B640-4A493DC2E74B}.ReleaseJava|x64.ActiveCfg = Release|x64
		{27CA17CC-6256-460E-B640-4A493DC2E74B}.ReleaseJava|x64.Build.0 = Release|x64
		{27CA17CC-6256-460E-B640-4A493DC2E74B}.ReleaseJava|x86.ActiveCfg = Release|Win32
		{27CA17CC-6256-460E-B640-4A493DC2E74B}.ReleaseJava|x86.Build.0 = Release|Win32
		{9038C53E-AAA2-4525-97E0-60DD54E7B1AD}.Debug|x64.ActiveCfg = Debug|x64
		{9038C53E-AAA2-4525-97E0-60DD54E7B1AD}.Debug|x64.Build.0 = Debug|x64
		{9038C53E-AAA2-4525-97E0-60DD54E7B1AD}.Debug|x86.ActiveCfg = Debug|Win32
		{9038C53E-AAA2-4525-97E0-60DD54E7B1AD}.Debug|x86.Build.0 = Debug|Win32
		{9038C53E-AAA2-4525-97E0-60DD54E7B1AD}.DebugJava|x64.ActiveCfg = Debug|x64
		{9038C53E-AAA2-4525-97E0-60DD54E7B1AD}.DebugJava|x64.Build.0 = Debug|x64
		{9038C53E-AAA2-4525-97E0-60DD54E7B1AD}.DebugJava|x86.ActiveCfg = Debug|Win32
		{9038C53E-AAA2-4525-97E0-60DD54E7B1AD}.DebugJava|x86.Build.0 = Debug|Win32
		{9038C53E-AAA2-4525-97E0-60DD54E7B1AD}.Memento|x64.ActiveCfg = Debug|x64
		{9038C53E-AAA2-4525-97E0-60DD54E7B1AD}.Memento|x64.Build.0 = Debug|x64
		{9038C53E-AAA2-4525-97E0-60DD54E7B1AD}.Memento|x86.ActiveCfg = Debug|Win32
		{9038C53E-AAA2-4525-97E0-60DD54E7B1AD}.Memento|x86.Build.0 = Debug|Win32
		{9038C53E-AAA2-4525-97E0-60DD54E7B1AD}.Release|x64.ActiveCfg = Release|x64
		{9038C53E-AAA2-4525-97E0-60DD54E7B1AD}.Release|x64.Build.0 = Release|x64
		{9038C53E-AAA2-4525-97E0-60DD54E7B1AD}.Release|x86.ActiveCfg = Release|Win32
		{9038C53E-AAA2-4525-97E0-60DD54E7B1AD}.Release|x86.Build.0 = Release|Win32
		{9038C53E-AAA2-4525-97E0-60DD54E7B1AD}.ReleaseJava|x64.ActiveCfg = Release|x64
		{9038C53E-AAA2-4525-97E0-60DD54E7B1AD}.ReleaseJava|x64.Build.0 = Release|x64
		{9038C53E-AAA2-4525-97E0-60DD54E7B1AD}.ReleaseJava|x86.ActiveCfg = Release|Win32
		{9038C53E-AAA2-4525-97E0-60DD54E7B1AD}.ReleaseJava|x86.Build.0 = Release|Win32
		{14F02D76-BFAD-4538-AB00-EB4D11502B86}.Debug|x64.ActiveCfg = Debug|x64
		{14F02D76-BFAD-4538-AB00-EB4D11502B86}.Debug|x64.Build.0 = Debug|x64
		{14F02D76-BFAD-4538-AB00-EB4D11502B86}.Debug|x86.ActiveCfg = Debug|Win32
		{14F02D76-BFAD-4538-AB00-EB4D11502B86}.Debug|x86.Build.0 = Debug|Win32
		{14F02D76-BFAD-4538-AB00-EB4D11502B86}.DebugJava|x64.ActiveCfg = Debug|x64
		{14F02D76-BFAD-4538-AB00-EB4D11502B86}.DebugJava|x64.Build.0 = Debug|x64
		{14F02D76-BFAD-4538-AB00-EB4D11502B86}.DebugJava|x86.ActiveCfg = Debug|Win32
		{14F02D76-BFAD-4538-AB00-EB4D11502B86}.DebugJava|x86.Build.0 = Debug|Win32
		{14F02D76-BFAD-4538-AB00-EB4D11502B86}.Memento|x64.ActiveCfg = Debug|x64
		{14F02D76-BFAD-4538-AB00-EB4D11502B86}.Memento|x64.Build.0 = Debug|x64
		{14F02D76-BFAD-4538-AB00-EB4D11502B86}.Memento|x86.ActiveCfg = Debug|Win32
		{14F02D76-BFAD-4538-AB00-EB4D11502B86}.Memento|x86.Build.0 = Debug|Win32
		{14F02D76-BFAD-4538-AB00-EB4D11502B86}.Release|x64.ActiveCfg = Release|x64
		{14F02D76-BFAD-4538-AB00-EB4D11502B86}.Release|x64.Build.0 = Release|x64
		{14F02D76-BFAD-4538-AB00-EB4D11502B86}.Release|x86.ActiveCfg = Release|Win32
		{14F02D76-BFAD-4538-AB00-EB4D11502B86}.Release|x86.Build.0 = Release|Win32
		{14F02D76-BFAD-4538-AB00-EB4D11502B86}.ReleaseJava|x64.ActiveCfg = Release|x64
		{14F02D76-BFAD-4538-AB00-EB4D11502B86}.ReleaseJava|x64.Build.0 = Release|x64
		{14F02D76-BFAD-4538-AB00-EB4D11502B86}.ReleaseJava|x86.ActiveCfg = Release|Win32
		{14F02D76-BFAD-4538-AB00-EB4D11502B86}.ReleaseJava|x86.Build.0 = Release|Win32
		{766B72D9-0C00-4CCF-987F-ADBD3568BE9E}.Debug|x64.ActiveCfg = Debug|x64
		{766B72D9-0C00-4CCF-987F-ADBD3568BE9E}.Debug|x64.Build.0 = Debug|x64
		{766B72D9-0C00-4CCF-987F-ADBD3568BE9E}.Debug|x86.ActiveCfg = Debug|Win32
		{766B72D9-0C00-4CCF-987F-ADBD3568BE9E}.Debug|x86.Build.0 = Debug|Win32
		{766B72D9-0C00-4CCF-987F-ADBD3568BE9E}.DebugJava|x64.ActiveCfg = Debug|x64
		{766B72D9-0C00-4CCF-987F-ADBD3568BE9E}.DebugJava|x64.Build.0 = Debug|x64
		{766B72D9-0C00-4CCF-987F-ADBD3568BE9E}.DebugJava|x86.ActiveCfg = Debug|Win32
		{766B72D9-0C00-4CCF-987F-ADBD3568BE9E}.DebugJava|x86.Build.0 = Debug|Win32
		{766B72D9-0C00-4CCF-987F-ADBD3568BE9E}.Memento|x64.ActiveCfg = Debug|x64
		{766B72D9-0C00-4CCF-987F-ADBD3568BE9E}.Memento|x64.Build.0 = Debug|x64
		{766B72D9-0C00-4CCF-987F-ADBD3568BE9E}.Memento|x86.ActiveCfg = Debug|Win32
		{766B72D9-0C00-4CCF-987F-ADBD3568BE9E}.Memento|x86.Build.0 = Debug|Win32
		{766B72D9-0C00-4CCF-987F-ADBD3568BE9E}.Release|x64.ActiveCfg = Release|x64
		{766B72D9-0C00-4CCF-987F-ADBD3568BE9E}.Release|x64.Build.0 = Release|x64
		{766B72D9-0C00-4CCF-987F-ADBD3568BE9E}.Release|x86.ActiveCfg = Release|Win32
		{766B72D9-0C00-4CCF-987F-ADBD3568BE9E}.Release|x86.Build.0 = Release|Win32
		{766B72D9-0C00-4CCF-987F-ADBD3568BE9E}.ReleaseJava|x64.ActiveCfg = Release|x64
		{766B72D9-0C00-4CCF-987F-ADBD3568BE9E}.ReleaseJava|x64.Build.0 = Release|x64
		{766B72D9-0C00-4CCF-987F-ADBD3568BE9E}.ReleaseJava|x86.ActiveCfg = Release|Win32
		{766B72D9-0C00-4CCF-987F-ADBD3568BE9E}.ReleaseJava|x86.Build.0 = Release|Win32
		{987620B7-C480-4F08-9EF7-42966E6A63EF}.Debug|x64.ActiveCfg = Debug|x64
		{987620B7-C480-4F08-9EF7-42966E6A63EF}.Debug|x64.Build.0 = Debug|x64
		{987620B7-C480-4F08-9EF7-42966E6A63EF}.Debug|x86.ActiveCfg = Debug|Win32
		{987620B7-C480-4F08-9EF7-42966E6A63EF}.Debug|x86.Build.0 = Debug|Win32
		{987620B7-C480-4F08-9EF7-42966E6A63EF}.DebugJava|x64.ActiveCfg = Debug|x64
		{987620B7-C480-4F08-9EF7-42966E6A63EF}.DebugJava|x64.Build.0 = Debug|x64
		{987620B7-C480-4F08-9EF7-42966E6A63EF}.DebugJava|x86.ActiveCfg = Debug|Win32
		{987620B7-C480-4F08-9EF7-42966E6A63EF}.DebugJava|x86.Build.0 = Debug|Win32
		{987620B7-C480-4F08-9EF7-42966E6A63EF}.Memento|x64.ActiveCfg = Debug|x64
		{987620B7-C480-4F08-9EF7-42966E6A63EF}.Memento|x64.Build.0 = Debug|x64
		{987620B7-C480-4F08-9EF7-42966E6A63EF}.Memento|x86.ActiveCfg = Debug|Win32
		{987620B7-C480-4F08-9EF7-42966E6A63EF}.Memento|x86.Build.0 = Debug|Win32
		{987620B7-C480-4F08-9EF7-42966E6A63EF}.Release|x64.ActiveCfg = Release|x64
		{987620B7-C480-4F08-9EF7-42966E6A63EF}.Release|x64.Build.0 = Release|x64
		{987620B7-C480-4F08-9EF7-42966E6A63EF}.Release|x86.ActiveCfg = Release|Win32
		{987620B7-C480-4F08-9EF7-42966E6A63EF}.Release|x86.Build.0 = Release|Win32
		{987620B7-C480-4F08-9EF7-42966E6A63EF}.ReleaseJava|x64.ActiveCfg = Release|x64
		{987620B7-C480-4F08-9EF7-42966E6A63EF}.ReleaseJava|x64.Build.0 = Release|x64
		{987620B7-C480-4F08-9EF7-42966E6A63EF}.ReleaseJava|x86.ActiveCfg = Release|Win32
		{987620B7-C480-4F08-9EF7-42966E6A63EF}.ReleaseJava|x86.Build.0 = Release|Win32
		{94899F47-9BE3-4EC1-9FDA-B6871B3A1156}.Debug|x64.ActiveCfg = Debug|x64
		{94899F47-9BE3-4EC1-9FDA-B6871B3A1156}.Debug|x64.Build.0 = Debug|x64
		{94899F47-9BE3-4EC1-9FDA-B6871B3A1156}.Debug|x86.ActiveCfg = Debug|Win32
		{94899F47-9BE3-4EC1-9FDA-B6871B3A1156}.Debug|x86.Build.0 = Debug|Win32
		{94899F47-9BE3-4EC1-9FDA-B6871B3A1156}.DebugJava|x64.ActiveCfg = Debug|x64
		{94899F47-9BE3-4EC1-9FDA-B6871B3A1156}.DebugJava|x64.Build.0 = Debug|x64
		{94899F47-9BE3-4EC1-9FDA-B6871B3A1156}.DebugJava|x86.ActiveCfg = Debug|Win32
		{94899F47-9BE3-4EC1-9FDA-B6871B3A1156}.DebugJava|x86.Build.0 = Debug|Win32
		{94899F47-9BE3-4EC1-9FDA-B6871B3A1156}.Memento|x64.ActiveCfg = Debug|x64
		{94899F47-9BE3-4EC1-9FDA-B6871B3A1156}.Memento|x64.Build.0 = Debug|x64
		{94899F47-9BE3-4EC1-9FDA-B6871B3A1156}.Memento|x86.ActiveCfg = Debug|Win32
		{94899F47-9BE3-4EC1-9FDA-B6871B3A1156}.Memento|x86.Build.0 = Debug|Win32
		{94899F47-9BE3-4EC1-9FDA-B6871B3A1156}.Release|x64.ActiveCfg = Release|x64
		{94899F47-9BE3-4EC1-9FDA-B6871B3A1156}.Release|x64.Build.0 = Release|x64
		{94899F47-9BE3-4EC1-9FDA-B6871B3A1156}.Release|x86.ActiveCfg = Release|Win32
		{94899F47-9BE3-4EC1-9FDA-B6871B3A1156}.Release|x86.Build.0 = Release|Win32
		{94899F47-9BE3-4EC1-9FDA-B6871B3A1156}.ReleaseJava|x64.ActiveCfg = Release|x64
		{94899F47-9BE3-4EC1-9FDA-B6871B3A1156}.ReleaseJava|x64.Build.0 = Release|x64
		{94899F47-9BE3-4EC1-9FDA-B6871B3A1156}.ReleaseJava|x86.ActiveCfg = Release|Win32
		{94899F47-9BE3-4EC1-9FDA-B6871B3A1156}.ReleaseJava|x86.Build.0 = Release|Win32
		{B00C51EC-7445-4904-9DA9-B21DAF541780}.Debug|x64.ActiveCfg = Debug|x64
		{B00C51EC-7445-4904-9DA9-B21DAF541780}.Debug|x64.Build.0 = Debug|x64
		{B00C51EC-7445-4904-9DA9-B21DAF541780}.Debug|x86.ActiveCfg = Debug|Win32
		{B00C51EC-7445-4904-9DA9-B21DAF541780}.Debug|x86.Build.0 = Debug|Win32
		{B00C51EC-7445-4904-9DA9-B21DAF541780}.DebugJava|x64.ActiveCfg = Debug|x64
		{B00C51EC-7445-4904-9DA9-B21DAF541780}.DebugJava|x64.Build.0 = Debug|x64
		{B00C51EC-7445-4904-9DA9-B21DAF541780}.DebugJava|x86.ActiveCfg = Debug|Win32
		{B00C51EC-7445-4904-9DA9-B21DAF541780}.DebugJava|x86.Build.0 = Debug|Win32
		{B00C51EC-7445-4904-9DA9-B21DAF541780}.Memento|x64.ActiveCfg = Debug|x64
		{B00C51EC-7445-4904-9DA9-B21DAF541780}.Memento|x64.Build.0 = Debug|x64
		{B00C51EC-7445-4904-9DA9-B21DAF541780}.Memento|x86.ActiveCfg = Debug|Win32
		{B00C51EC-7445-4904-9DA9-B21DAF541780}.Memento|x86.Build.0 = Debug|Win32
		{B00C51EC-7445-4904-9DA9-B21DAF541780}.Release|x64.ActiveCfg = Release|x64
		{B00C51EC-7445-4904-9DA9-B21DAF541780}.Release|x64.Build.0 = Release|x64
		{B00C51EC-7445-4904-9DA9-B21DAF541780}.Release|x86.ActiveCfg = Release|Win32
		{B00C51EC-7445-4904-9DA9-B21DAF541780}.Release|x86.Build.0 = Release|Win32
		{B00C51EC-7445-4904-9DA9-B21DAF541780}.ReleaseJava|x64.ActiveCfg = Release|x64
		{B00C51EC-7445-4904-9DA9-B21DAF541780}.ReleaseJava|x64.Build.0 = Release|x64
		{B00C51EC-7445-4904-9DA9-B21DAF541780}.ReleaseJava|x86.ActiveCfg = Release|Win32
		{B00C51EC-7445-4904-9DA9-B21DAF541780}.ReleaseJava|x86.Build.0 = Release|Win32
	EndGlobalSection
	GlobalSection(SolutionProperties) = preSolution
		HideSolutionNode = FALSE
	EndGlobalSection
	GlobalSection(ExtensibilityGlobals) = postSolution
		SolutionGuid = {8E5BFEE7-2508-4785-9C6F-B329F5E8767C}
	EndGlobalSection
EndGlobal
