
Microsoft Visual Studio Solution File, Format Version 12.00
# Visual Studio Version 16
VisualStudioVersion = 16.0.30503.244
MinimumVisualStudioVersion = 10.0.40219.1
Project("{8BC9CEB8-8B4A-11D0-8D11-00A0C91BC942}") = "qpdf", "qpdf.vcxproj", "{E74FFFF0-FA43-4ADC-B92C-6AFA08E4A4AA}"
EndProject
Project("{8BC9CEB8-8B4A-11D0-8D11-00A0C91BC942}") = "libthirdparty", "..\..\..\CS\MuPDF\platform\win32\libthirdparty.vcxproj", "{5EDCF4FD-0291-4FB9-8D96-D58957CA5E3C}"
EndProject
Global
	GlobalSection(SolutionConfigurationPlatforms) = preSolution
		Debug|x64 = Debug|x64
		Debug|x86 = Debug|x86
		DebugJava|x64 = DebugJava|x64
		DebugJava|x86 = DebugJava|x86
		Memento|x64 = Memento|x64
		Memento|x86 = Memento|x86
		Release|x64 = Release|x64
		Release|x86 = Release|x86
		ReleaseJava|x64 = ReleaseJava|x64
		ReleaseJava|x86 = ReleaseJava|x86
	EndGlobalSection
	GlobalSection(ProjectConfigurationPlatforms) = postSolution
		{E74FFFF0-FA43-4ADC-B92C-6AFA08E4A4AA}.Debug|x64.ActiveCfg = Debug|x64
		{E74FFFF0-FA43-4ADC-B92C-6AFA08E4A4AA}.Debug|x64.Build.0 = Debug|x64
		{E74FFFF0-FA43-4ADC-B92C-6AFA08E4A4AA}.Debug|x86.ActiveCfg = Debug|Win32
		{E74FFFF0-FA43-4ADC-B92C-6AFA08E4A4AA}.Debug|x86.Build.0 = Debug|Win32
		{E74FFFF0-FA43-4ADC-B92C-6AFA08E4A4AA}.DebugJava|x64.ActiveCfg = Debug|x64
		{E74FFFF0-FA43-4ADC-B92C-6AFA08E4A4AA}.DebugJava|x64.Build.0 = Debug|x64
		{E74FFFF0-FA43-4ADC-B92C-6AFA08E4A4AA}.DebugJava|x86.ActiveCfg = Debug|Win32
		{E74FFFF0-FA43-4ADC-B92C-6AFA08E4A4AA}.DebugJava|x86.Build.0 = Debug|Win32
		{E74FFFF0-FA43-4ADC-B92C-6AFA08E4A4AA}.Memento|x64.ActiveCfg = Debug|x64
		{E74FFFF0-FA43-4ADC-B92C-6AFA08E4A4AA}.Memento|x64.Build.0 = Debug|x64
		{E74FFFF0-FA43-4ADC-B92C-6AFA08E4A4AA}.Memento|x86.ActiveCfg = Debug|Win32
		{E74FFFF0-FA43-4ADC-B92C-6AFA08E4A4AA}.Memento|x86.Build.0 = Debug|Win32
		{E74FFFF0-FA43-4ADC-B92C-6AFA08E4A4AA}.Release|x64.ActiveCfg = Release|x64
		{E74FFFF0-FA43-4ADC-B92C-6AFA08E4A4AA}.Release|x64.Build.0 = Release|x64
		{E74FFFF0-FA43-4ADC-B92C-6AFA08E4A4AA}.Release|x86.ActiveCfg = Release|Win32
		{E74FFFF0-FA43-4ADC-B92C-6AFA08E4A4AA}.Release|x86.Build.0 = Release|Win32
		{E74FFFF0-FA43-4ADC-B92C-6AFA08E4A4AA}.ReleaseJava|x64.ActiveCfg = Release|x64
		{E74FFFF0-FA43-4ADC-B92C-6AFA08E4A4AA}.ReleaseJava|x64.Build.0 = Release|x64
		{E74FFFF0-FA43-4ADC-B92C-6AFA08E4A4AA}.ReleaseJava|x86.ActiveCfg = Release|Win32
		{E74FFFF0-FA43-4ADC-B92C-6AFA08E4A4AA}.ReleaseJava|x86.Build.0 = Release|Win32
		{5EDCF4FD-0291-4FB9-8D96-D58957CA5E3C}.Debug|x64.ActiveCfg = Debug|x64
		{5EDCF4FD-0291-4FB9-8D96-D58957CA5E3C}.Debug|x64.Build.0 = Debug|x64
		{5EDCF4FD-0291-4FB9-8D96-D58957CA5E3C}.Debug|x86.ActiveCfg = Debug|Win32
		{5EDCF4FD-0291-4FB9-8D96-D58957CA5E3C}.Debug|x86.Build.0 = Debug|Win32
		{5EDCF4FD-0291-4FB9-8D96-D58957CA5E3C}.DebugJava|x64.ActiveCfg = DebugJava|x64
		{5EDCF4FD-0291-4FB9-8D96-D58957CA5E3C}.DebugJava|x64.Build.0 = DebugJava|x64
		{5EDCF4FD-0291-4FB9-8D96-D58957CA5E3C}.DebugJava|x86.ActiveCfg = DebugJava|Win32
		{5EDCF4FD-0291-4FB9-8D96-D58957CA5E3C}.DebugJava|x86.Build.0 = DebugJava|Win32
		{5EDCF4FD-0291-4FB9-8D96-D58957CA5E3C}.Memento|x64.ActiveCfg = Memento|x64
		{5EDCF4FD-0291-4FB9-8D96-D58957CA5E3C}.Memento|x64.Build.0 = Memento|x64
		{5EDCF4FD-0291-4FB9-8D96-D58957CA5E3C}.Memento|x86.ActiveCfg = Memento|Win32
		{5EDCF4FD-0291-4FB9-8D96-D58957CA5E3C}.Memento|x86.Build.0 = Memento|Win32
		{5EDCF4FD-0291-4FB9-8D96-D58957CA5E3C}.Release|x64.ActiveCfg = Release|x64
		{5EDCF4FD-0291-4FB9-8D96-D58957CA5E3C}.Release|x64.Build.0 = Release|x64
		{5EDCF4FD-0291-4FB9-8D96-D58957CA5E3C}.Release|x86.ActiveCfg = Release|Win32
		{5EDCF4FD-0291-4FB9-8D96-D58957CA5E3C}.Release|x86.Build.0 = Release|Win32
		{5EDCF4FD-0291-4FB9-8D96-D58957CA5E3C}.ReleaseJava|x64.ActiveCfg = ReleaseJava|x64
		{5EDCF4FD-0291-4FB9-8D96-D58957CA5E3C}.ReleaseJava|x64.Build.0 = ReleaseJava|x64
		{5EDCF4FD-0291-4FB9-8D96-D58957CA5E3C}.ReleaseJava|x86.ActiveCfg = ReleaseJava|Win32
		{5EDCF4FD-0291-4FB9-8D96-D58957CA5E3C}.ReleaseJava|x86.Build.0 = ReleaseJava|Win32
	EndGlobalSection
	GlobalSection(SolutionProperties) = preSolution
		HideSolutionNode = FALSE
	EndGlobalSection
	GlobalSection(ExtensibilityGlobals) = postSolution
		SolutionGuid = {8E5BFEE7-2508-4785-9C6F-B329F5E8767C}
	EndGlobalSection
EndGlobal
