<?xml version="1.0" encoding="utf-8"?>
<Project ToolsVersion="4.0" xmlns="http://schemas.microsoft.com/developer/msbuild/2003">
  <ItemGroup>
    <Filter Include="include">
      <UniqueIdentifier>{f2c665a6-ed5f-413e-bd58-576cde97676f}</UniqueIdentifier>
    </Filter>
    <Filter Include="zlib-flate">
      <UniqueIdentifier>{06d2612e-3e19-4a11-8828-a1e1486a7f60}</UniqueIdentifier>
    </Filter>
    <Filter Include="win32">
      <UniqueIdentifier>{19134505-0bba-4d9a-8c74-ec516ebc9f94}</UniqueIdentifier>
    </Filter>
    <Filter Include="win32\qpdf">
      <UniqueIdentifier>{49f49949-77d7-4ba9-9f0c-534a512092d6}</UniqueIdentifier>
    </Filter>
    <Filter Include="thirdparty">
      <UniqueIdentifier>{38919d4a-33f7-46e4-8a5d-a9dd74be6c58}</UniqueIdentifier>
    </Filter>
  </ItemGroup>
  <ItemGroup>
    <None Include="..\zlib-flate\build.mk">
      <Filter>zlib-flate</Filter>
    </None>
    <None Include="..\zlib-flate\Makefile">
      <Filter>zlib-flate</Filter>
    </None>
  </ItemGroup>
  <ItemGroup>
    <ClInclude Include="..\include\qpdf\Buffer.hh">
      <Filter>include</Filter>
    </ClInclude>
    <ClInclude Include="..\include\qpdf\BufferInputSource.hh">
      <Filter>include</Filter>
    </ClInclude>
    <ClInclude Include="..\include\qpdf\ClosedFileInputSource.hh">
      <Filter>include</Filter>
    </ClInclude>
    <ClInclude Include="..\include\qpdf\Constants.h">
      <Filter>include</Filter>
    </ClInclude>
    <ClInclude Include="..\include\qpdf\DLL.h">
      <Filter>include</Filter>
    </ClInclude>
    <ClInclude Include="..\include\qpdf\FileInputSource.hh">
      <Filter>include</Filter>
    </ClInclude>
    <ClInclude Include="..\include\qpdf\InputSource.hh">
      <Filter>include</Filter>
    </ClInclude>
    <ClInclude Include="..\include\qpdf\JSON.hh">
      <Filter>include</Filter>
    </ClInclude>
    <ClInclude Include="..\include\qpdf\Pipeline.hh">
      <Filter>include</Filter>
    </ClInclude>
    <ClInclude Include="..\include\qpdf\Pl_Buffer.hh">
      <Filter>include</Filter>
    </ClInclude>
    <ClInclude Include="..\include\qpdf\Pl_Concatenate.hh">
      <Filter>include</Filter>
    </ClInclude>
    <ClInclude Include="..\include\qpdf\Pl_Count.hh">
      <Filter>include</Filter>
    </ClInclude>
    <ClInclude Include="..\include\qpdf\Pl_DCT.hh">
      <Filter>include</Filter>
    </ClInclude>
    <ClInclude Include="..\include\qpdf\Pl_Discard.hh">
      <Filter>include</Filter>
    </ClInclude>
    <ClInclude Include="..\include\qpdf\Pl_Flate.hh">
      <Filter>include</Filter>
    </ClInclude>
    <ClInclude Include="..\include\qpdf\Pl_QPDFTokenizer.hh">
      <Filter>include</Filter>
    </ClInclude>
    <ClInclude Include="..\include\qpdf\Pl_RunLength.hh">
      <Filter>include</Filter>
    </ClInclude>
    <ClInclude Include="..\include\qpdf\Pl_StdioFile.hh">
      <Filter>include</Filter>
    </ClInclude>
    <ClInclude Include="..\include\qpdf\PointerHolder.hh">
      <Filter>include</Filter>
    </ClInclude>
    <ClInclude Include="..\include\qpdf\QIntC.hh">
      <Filter>include</Filter>
    </ClInclude>
    <ClInclude Include="..\include\qpdf\QPDF.hh">
      <Filter>include</Filter>
    </ClInclude>
    <ClInclude Include="..\include\qpdf\QPDFAcroFormDocumentHelper.hh">
      <Filter>include</Filter>
    </ClInclude>
    <ClInclude Include="..\include\qpdf\QPDFAnnotationObjectHelper.hh">
      <Filter>include</Filter>
    </ClInclude>
    <ClInclude Include="..\include\qpdf\qpdf-c.h">
      <Filter>include</Filter>
    </ClInclude>
    <ClInclude Include="..\include\qpdf\QPDFCryptoImpl.hh">
      <Filter>include</Filter>
    </ClInclude>
    <ClInclude Include="..\include\qpdf\QPDFCryptoProvider.hh">
      <Filter>include</Filter>
    </ClInclude>
    <ClInclude Include="..\include\qpdf\QPDFDocumentHelper.hh">
      <Filter>include</Filter>
    </ClInclude>
    <ClInclude Include="..\include\qpdf\QPDFExc.hh">
      <Filter>include</Filter>
    </ClInclude>
    <ClInclude Include="..\include\qpdf\QPDFFormFieldObjectHelper.hh">
      <Filter>include</Filter>
    </ClInclude>
    <ClInclude Include="..\include\qpdf\QPDFNameTreeObjectHelper.hh">
      <Filter>include</Filter>
    </ClInclude>
    <ClInclude Include="..\include\qpdf\QPDFNumberTreeObjectHelper.hh">
      <Filter>include</Filter>
    </ClInclude>
    <ClInclude Include="..\include\qpdf\QPDFObject.hh">
      <Filter>include</Filter>
    </ClInclude>
    <ClInclude Include="..\include\qpdf\QPDFObjectHandle.hh">
      <Filter>include</Filter>
    </ClInclude>
    <ClInclude Include="..\include\qpdf\QPDFObjectHelper.hh">
      <Filter>include</Filter>
    </ClInclude>
    <ClInclude Include="..\include\qpdf\QPDFObjGen.hh">
      <Filter>include</Filter>
    </ClInclude>
    <ClInclude Include="..\include\qpdf\QPDFOutlineDocumentHelper.hh">
      <Filter>include</Filter>
    </ClInclude>
    <ClInclude Include="..\include\qpdf\QPDFOutlineObjectHelper.hh">
      <Filter>include</Filter>
    </ClInclude>
    <ClInclude Include="..\include\qpdf\QPDFPageDocumentHelper.hh">
      <Filter>include</Filter>
    </ClInclude>
    <ClInclude Include="..\include\qpdf\QPDFPageLabelDocumentHelper.hh">
      <Filter>include</Filter>
    </ClInclude>
    <ClInclude Include="..\include\qpdf\QPDFPageObjectHelper.hh">
      <Filter>include</Filter>
    </ClInclude>
    <ClInclude Include="..\include\qpdf\QPDFSystemError.hh">
      <Filter>include</Filter>
    </ClInclude>
    <ClInclude Include="..\include\qpdf\QPDFTokenizer.hh">
      <Filter>include</Filter>
    </ClInclude>
    <ClInclude Include="..\include\qpdf\QPDFWriter.hh">
      <Filter>include</Filter>
    </ClInclude>
    <ClInclude Include="..\include\qpdf\QPDFXRefEntry.hh">
      <Filter>include</Filter>
    </ClInclude>
    <ClInclude Include="..\include\qpdf\QTC.hh">
      <Filter>include</Filter>
    </ClInclude>
    <ClInclude Include="..\include\qpdf\QUtil.hh">
      <Filter>include</Filter>
    </ClInclude>
    <ClInclude Include="..\include\qpdf\RandomDataProvider.hh">
      <Filter>include</Filter>
    </ClInclude>
    <ClInclude Include="..\include\qpdf\Types.h">
      <Filter>include</Filter>
    </ClInclude>
    <ClInclude Include="qpdf\qpdf-config.h">
      <Filter>win32\qpdf</Filter>
    </ClInclude>
    <ClInclude Include="..\..\..\CS\MuPDF\thirdparty\libjpeg\jerror.h">
      <Filter>thirdparty</Filter>
    </ClInclude>
    <ClInclude Include="..\..\..\CS\MuPDF\thirdparty\libjpeg\jpegint.h">
      <Filter>thirdparty</Filter>
    </ClInclude>
    <ClInclude Include="..\..\..\CS\MuPDF\thirdparty\libjpeg\jpeglib.h">
      <Filter>thirdparty</Filter>
    </ClInclude>
    <ClInclude Include="..\..\..\CS\MuPDF\thirdparty\libjpeg\jversion.h">
      <Filter>thirdparty</Filter>
    </ClInclude>
    <ClInclude Include="..\..\..\CS\MuPDF\thirdparty\zlib\crc32.h">
      <Filter>thirdparty</Filter>
    </ClInclude>
    <ClInclude Include="..\..\..\CS\MuPDF\thirdparty\zlib\zconf.h">
      <Filter>thirdparty</Filter>
    </ClInclude>
    <ClInclude Include="..\..\..\CS\MuPDF\thirdparty\zlib\zlib.h">
      <Filter>thirdparty</Filter>
    </ClInclude>
    <ClInclude Include="..\..\..\CS\MuPDF\scripts\libjpeg\jconfig.h">
      <Filter>thirdparty</Filter>
    </ClInclude>
  </ItemGroup>
  <ItemGroup>
    <ClCompile Include="..\zlib-flate\zlib-flate.cc">
      <Filter>zlib-flate</Filter>
    </ClCompile>
  </ItemGroup>
</Project>